PODS:
  - Alamofire (4.6.0)
  - AlamofireObjectMapper (5.0.0):
    - Alamofire (~> 4.1)
    - ObjectMapper (~> 3.0)
  - EFAutoScrollLabel (4.0.2)
  - MBProgressHUD (1.1.0)
  - NFDownloadButton (0.0.3)
  - NVActivityIndicatorView (4.1.1):
    - NVActivityIndicatorView/Presenter (= 4.1.1)
  - NVActivityIndicatorView/Presenter (4.1.1)
  - ObjectMapper (3.1.0)
  - ReachabilitySwift (4.1.0)
  - Reusable (4.0.0):
    - Reusable/Storyboard (= 4.0.0)
    - Reusable/View (= 4.0.0)
  - Reusable/Storyboard (4.0.0)
  - Reusable/View (4.0.0)
  - SDWebImage (4.2.3):
    - SDWebImage/Core (= 4.2.3)
  - SDWebImage/Core (4.2.3)

DEPENDENCIES:
  - AlamofireObjectMapper
  - EFAutoScrollLabel
  - MBProgressHUD
  - NFDownloadButton
  - NVActivityIndicatorView
  - ReachabilitySwift
  - Reusable
  - SDWebImage

SPEC CHECKSUMS:
  Alamofire: f41a599bd63041760b26d393ec1069d9d7b917f4
  AlamofireObjectMapper: 5fafc816351cbbc0d486611aaeba7461c0cbad49
  EFAutoScrollLabel: 0534a0535b5ab9131c939dcf45aaa9f398156e97
  MBProgressHUD: e7baa36a220447d8aeb12769bf0585582f3866d9
  NFDownloadButton: d9e73c663dfe2e7d50742e36f7942223e019b3f3
  NVActivityIndicatorView: 60109b9bf46efc2e71ab81453196ccdfdfeea870
  ObjectMapper: 20505058f54e5c3ca69e1d6de9897d152a5369a6
  ReachabilitySwift: 6849231cd4e06559f3b9ef4a97a0a0f96d41e09f
  Reusable: 98e5fff1e0e2e00872199699b276dde08ee56c07
  SDWebImage: 791bb72962b3492327ddcac4b1880bd1b5458431

PODFILE CHECKSUM: 417b52bb3a6b36c3e6c2a27bc61a9ad8e2ff93d0

COCOAPODS: 1.2.1
